
Microsoft Visual Studio Solution File, Format Version 12.00
# Visual Studio Version 17
VisualStudioVersion = 17.9.34622.214
MinimumVisualStudioVersion = 10.0.40219.1
Project("{9A19103F-16F7-4668-BE54-9A1E7A4F7556}") = "LearnMe", "LearnMe\LearnMe.csproj", "{6CE0C933-F72F-4418-BF28-2A604756A665}"
EndProject
Global
	GlobalSection(SolutionConfigurationPlatforms) = preSolution
		Debug|Any CPU = Debug|Any CPU
		Release|Any CPU = Release|Any CPU
	EndGlobalSection
	GlobalSection(ProjectConfigurationPlatforms) = postSolution
		{6CE0C933-F72F-4418-BF28-2A604756A665}.Debug|Any CPU.ActiveCfg = Debug|Any CPU
		{6CE0C933-F72F-4418-BF28-2A604756A665}.Debug|Any CPU.Build.0 = Debug|Any CPU
		{6CE0C933-F72F-4418-BF28-2A604756A665}.Debug|Any CPU.Deploy.0 = Debug|Any CPU
		{6CE0C933-F72F-4418-BF28-2A604756A665}.Release|Any CPU.ActiveCfg = Release|Any CPU
		{6CE0C933-F72F-4418-BF28-2A604756A665}.Release|Any CPU.Build.0 = Release|Any CPU
		{6CE0C933-F72F-4418-BF28-2A604756A665}.Release|Any CPU.Deploy.0 = Release|Any CPU
	EndGlobalSection
	GlobalSection(SolutionProperties) = preSolution
		HideSolutionNode = FALSE
	EndGlobalSection
	GlobalSection(ExtensibilityGlobals) = postSolution
		SolutionGuid = {BC37C3C1-073A-4CEA-B211-6EE0445B3F6C}
	EndGlobalSection
EndGlobal
